lockfileVersion: '6.0'

settings:
  autoInstallPeers: true
  excludeLinksFromLockfile: false

dependencies:
  chalk:
    specifier: ^5.3.0
    version: 5.3.0
  command-exists:
    specifier: ^1.2.9
    version: 1.2.9
  typescript:
    specifier: ^5.0.0
    version: 5.4.5

devDependencies:
  '@types/bun':
    specifier: latest
    version: 1.1.0
  '@types/command-exists':
    specifier: ^1.2.3
    version: 1.2.3

packages:

  /@types/bun@1.1.0:
    resolution: {integrity: sha512-QGK0yU4jh0OK1A7DyhPkQuKjHQCC5jSJa3dpWIEhHv/rPfb6zLfdArc4/uUUZBMTcjilsafRXnPWO+1owb572Q==}
    dependencies:
      bun-types: 1.1.0
    dev: true

  /@types/command-exists@1.2.3:
    resolution: {integrity: sha512-PpbaE2XWLaWYboXD6k70TcXO/OdOyyRFq5TVpmlUELNxdkkmXU9fkImNosmXU1DtsNrqdUgWd/nJQYXgwmtdXQ==}
    dev: true

  /@types/node@20.11.30:
    resolution: {integrity: sha512-dHM6ZxwlmuZaRmUPfv1p+KrdD1Dci04FbdEm/9wEMouFqxYoFl5aMkt0VMAUtYRQDyYvD41WJLukhq/ha3YuTw==}
    dependencies:
      undici-types: 5.26.5
    dev: true

  /@types/ws@8.5.10:
    resolution: {integrity: sha512-vmQSUcfalpIq0R9q7uTo2lXs6eGIpt9wtnLdMv9LVpIjCA/+ufZRozlVoVelIYixx1ugCBKDhn89vnsEGOCx9A==}
    dependencies:
      '@types/node': 20.11.30
    dev: true

  /bun-types@1.1.0:
    resolution: {integrity: sha512-GhMDD7TosdJzQPGUOcQD5PZshvXVxDfwGAZs2dq+eSaPsRn3iUCzvpFlsg7Q51bXVzLAUs+FWHlnmpgZ5UggIg==}
    dependencies:
      '@types/node': 20.11.30
      '@types/ws': 8.5.10
    dev: true

  /chalk@5.3.0:
    resolution: {integrity: sha512-dLitG79d+GV1Nb/VYcCDFivJeK1hiukt9QjRNVOsUtTy1rR1YJsmpGGTZ3qJos+uw7WmWF4wUwBd9jxjocFC2w==}
    engines: {node: ^12.17.0 || ^14.13 || >=16.0.0}
    dev: false

  /command-exists@1.2.9:
    resolution: {integrity: sha512-LTQ/SGc+s0Xc0Fu5WaKnR0YiygZkm9eKFvyS+fRsU7/ZWFF8ykFM6Pc9aCVf1+xasOOZpO3BAVgVrKvsqKHV7w==}
    dev: false

  /typescript@5.4.5:
    resolution: {integrity: sha512-vcI4UpRgg81oIRUFwR0WSIHKt11nJ7SAVlYNIu+QpqeyXP+gpQJy/Z4+F0aGxSE4MqwjyXvW/TzgkLAx2AGHwQ==}
    engines: {node: '>=14.17'}
    hasBin: true
    dev: false

  /undici-types@5.26.5:
    resolution: {integrity: sha512-JlCMO+ehdEIKqlFxk6IfVoAUVmgz7cU7zD/h9XZ0qzeosSHmUJVOzSQvvYSYWXkFXC+IfLKSIffhv0sVZup6pA==}
    dev: true
